
Microsoft Visual Studio Solution File, Format Version 10.00
# Visual Studio 2008
Project("{FAE04EC0-301F-11D3-BF4B-00C04F79EFBC}") = "ZX.System", "ZX.System.csproj", "{B008CAA3-9C6A-4ABE-88D0-1BF2778E5013}"
EndProject
Global
	GlobalSection(SolutionConfigurationPlatforms) = preSolution
		Debug|Any CPU = Debug|Any CPU
		Release|Any CPU = Release|Any CPU
	EndGlobalSection
	GlobalSection(ProjectConfigurationPlatforms) = postSolution
		{B008CAA3-9C6A-4ABE-88D0-1BF2778E5013}.Debug|Any CPU.ActiveCfg = Debug|Any CPU
		{B008CAA3-9C6A-4ABE-88D0-1BF2778E5013}.Debug|Any CPU.Build.0 = Debug|Any CPU
		{B008CAA3-9C6A-4ABE-88D0-1BF2778E5013}.Release|Any CPU.ActiveCfg = Release|Any CPU
		{B008CAA3-9C6A-4ABE-88D0-1BF2778E5013}.Release|Any CPU.Build.0 = Release|Any CPU
	EndGlobalSection
	GlobalSection(SolutionProperties) = preSolution
		HideSolutionNode = FALSE
	EndGlobalSection
EndGlobal
