
Microsoft Visual Studio Solution File, Format Version 10.00
# Visual Studio 2008
Project("{2150E333-8FDC-42A3-9474-1A3956D46DE8}") = "ZXSystem.Function", "ZXSystem.Function", "{7B08F84A-33F9-4B6B-9D22-8ED7BE23BF49}"
EndProject
Project("{FAE04EC0-301F-11D3-BF4B-00C04F79EFBC}") = "ZXSystem.Function.ChangePassword", "ZXSystem.Function\ZXSystem.Function.ChangePassword\ZXSystem.Function.ChangePassword.csproj", "{9391C23C-BDE4-4774-A655-C3063370CE1C}"
EndProject
Project("{FAE04EC0-301F-11D3-BF4B-00C04F79EFBC}") = "ZXSystem.Function.DrawFlow", "ZXSystem.Function\ZXSystem.Function.DrawFlow\ZXSystem.Function.DrawFlow.csproj", "{60E28732-5066-4EED-9F00-DE48F1EBE2BD}"
EndProject
Project("{FAE04EC0-301F-11D3-BF4B-00C04F79EFBC}") = "ZXSystem.Function.FunManage", "ZXSystem.Function\ZXSystem.Function.FunManage\ZXSystem.Function.FunManage.csproj", "{3809166E-EE08-4A96-B2A7-AB02C4601C1C}"
EndProject
Project("{FAE04EC0-301F-11D3-BF4B-00C04F79EFBC}") = "ZXSystem.Function.SetServerComputer", "ZXSystem.Function\ZXSystem.Function.SetServerComputer\ZXSystem.Function.SetServerComputer.csproj", "{B7820517-8E9A-4427-A081-E763B50FBBCE}"
EndProject
Project("{FAE04EC0-301F-11D3-BF4B-00C04F79EFBC}") = "ZXSystem.Function.UserManage", "ZXSystem.Function\ZXSystem.Function.UserManage\ZXSystem.Function.UserManage.csproj", "{B4158047-CB39-488D-9F81-A3C918280D74}"
EndProject
Project("{FAE04EC0-301F-11D3-BF4B-00C04F79EFBC}") = "ZX.System", "ZX.System\ZX.System.csproj", "{B008CAA3-9C6A-4ABE-88D0-1BF2778E5013}"
EndProject
Project("{FAE04EC0-301F-11D3-BF4B-00C04F79EFBC}") = "ZXSystem.Function.MenuManage", "ZXSystem.Function\ZXSystem.Function.MenuManage\ZXSystem.Function.MenuManage.csproj", "{DA597CC8-EEBC-4FAC-968D-4CE77ACE0DE8}"
EndProject
Project("{FAE04EC0-301F-11D3-BF4B-00C04F79EFBC}") = "ZXSystem.Function.Customer", "ZXSystem.Function\ZXSystem.Function.Customer\ZXSystem.Function.Customer.csproj", "{CB258C48-C19C-4D63-9E77-51979B1F67A3}"
EndProject
Project("{FAE04EC0-301F-11D3-BF4B-00C04F79EFBC}") = "ZXSystem.Function.CommonQry", "ZXSystem.Function\ZXSystem.Function.CommonQry\ZXSystem.Function.CommonQry.csproj", "{E669F23D-8C94-4F25-9579-38B78C8B8812}"
EndProject
Project("{FAE04EC0-301F-11D3-BF4B-00C04F79EFBC}") = "ZXSystem.Function.ItemInfo", "ZXSystem.Function\ZXSystem.Function.ItemInfo\ZXSystem.Function.ItemInfo.csproj", "{14CD65BF-FD35-4876-84A3-34768BF93350}"
EndProject
Project("{FAE04EC0-301F-11D3-BF4B-00C04F79EFBC}") = "ZXSystem.Function.DimConvert", "ZXSystem.Function\ZXSystem.Function.DimConvert\ZXSystem.Function.DimConvert.csproj", "{FE4D69E3-4A3A-4708-BB2C-153EC35F642E}"
EndProject
Project("{FAE04EC0-301F-11D3-BF4B-00C04F79EFBC}") = "ZXSystem.Function.RoleGridViewSet", "ZXSystem.Function\ZXSystem.Function.RoleGridViewSet\ZXSystem.Function.RoleGridViewSet.csproj", "{17D8EF80-F0C6-491B-A6A1-20642610E254}"
EndProject
Project("{FAE04EC0-301F-11D3-BF4B-00C04F79EFBC}") = "ZXSystem.Function.DataList", "ZXSystem.Function\ZXSystem.Function.DataList\ZXSystem.Function.DataList.csproj", "{0988260C-7F7F-45E1-B964-D4F705167F7D}"
EndProject
Project("{FAE04EC0-301F-11D3-BF4B-00C04F79EFBC}") = "ZXSystem.Function.PartType", "ZXSystem.Function\ZXSystem.Function.PartType\ZXSystem.Function.PartType.csproj", "{72217101-5771-4E79-9B6C-5149655D0180}"
EndProject
Project("{FAE04EC0-301F-11D3-BF4B-00C04F79EFBC}") = "ZXSystem.Function.FluteType", "ZXSystem.Function\ZXSystem.Function.FluteType\ZXSystem.Function.FluteType.csproj", "{890CFCC4-F2C7-4982-8845-158DE63CBF33}"
EndProject
Project("{FAE04EC0-301F-11D3-BF4B-00C04F79EFBC}") = "ZXSystem.Function.FormulaBySales", "ZXSystem.Function\ZXSystem.Function.FormulaBySales\ZXSystem.Function.FormulaBySales.csproj", "{0E513B6F-76B8-44B8-B3DC-ECFBFD4EB47A}"
EndProject
Project("{FAE04EC0-301F-11D3-BF4B-00C04F79EFBC}") = "ZXSystem.Function.FormulaByWorking", "ZXSystem.Function\ZXSystem.Function.FormulaByWorking\ZXSystem.Function.FormulaByWorking.csproj", "{08AFBDA4-F81E-4F93-ADAC-2852B6C8AE34}"
EndProject
Project("{FAE04EC0-301F-11D3-BF4B-00C04F79EFBC}") = "ZXSystem.Function.DimUOMConvert", "ZXSystem.Function\ZXSystem.Function.DimUOMConvert\ZXSystem.Function.DimUOMConvert.csproj", "{B1441985-3120-44AF-BE48-B510B80A84E1}"
EndProject
Project("{FAE04EC0-301F-11D3-BF4B-00C04F79EFBC}") = "ZXSystem.Function.CPMSet", "ZXSystem.Function\ZXSystem.Function.CPMSet\ZXSystem.Function.CPMSet.csproj", "{EB0CDF99-1F63-4842-BB71-D8A7B01D6D61}"
EndProject
Project("{FAE04EC0-301F-11D3-BF4B-00C04F79EFBC}") = "ZXSystem.Function.Supplier", "ZXSystem.Function\ZXSystem.Function.Supplier\ZXSystem.Function.Supplier.csproj", "{46A6216B-FFD5-4EBC-9567-6F4FF7D16921}"
EndProject
Project("{FAE04EC0-301F-11D3-BF4B-00C04F79EFBC}") = "ZXSystem.Function.Test", "ZXSystem.Function\ZXSystem.Function.Test\ZXSystem.Function.Test.csproj", "{5026CE5E-69F2-452A-93A0-B42DC4D91266}"
EndProject
Project("{FAE04EC0-301F-11D3-BF4B-00C04F79EFBC}") = "ZXSystem.Function.WorkOrd", "ZXSystem.Function\ZXSystem.Function.WorkOrd\ZXSystem.Function.WorkOrd.csproj", "{E3F5127D-B323-4F68-93F6-24136DD0A238}"
EndProject
Project("{FAE04EC0-301F-11D3-BF4B-00C04F79EFBC}") = "ZXSystem.Function.Machines", "ZXSystem.Function\ZXSystem.Function.Machines\ZXSystem.Function.Machines.csproj", "{0EAFF4B6-502B-4E2C-AA3D-10259B61641E}"
EndProject
Project("{FAE04EC0-301F-11D3-BF4B-00C04F79EFBC}") = "ZXSystem.Function.RoleFormSet", "ZXSystem.Function\ZXSystem.Function.RoleFormSet\ZXSystem.Function.RoleFormSet.csproj", "{2C0DA3E9-2783-44DB-A33E-53AFAAC8869F}"
EndProject
Project("{FAE04EC0-301F-11D3-BF4B-00C04F79EFBC}") = "ZXSystem.Function.SalesOrder", "ZXSystem.Function\ZXSystem.Function.SalesOrder\ZXSystem.Function.SalesOrder.csproj", "{1801C0F7-89B5-4E39-82FC-2A04C0DD9D1E}"
EndProject
Project("{FAE04EC0-301F-11D3-BF4B-00C04F79EFBC}") = "ZXSystem.Function.FrxReport", "ZXSystem.Function\ZXSystem.Function.FrxReport\ZXSystem.Function.FrxReport.csproj", "{DD9FFEB4-7489-4AD1-AB95-D9575FE3D4F8}"
EndProject
Project("{FAE04EC0-301F-11D3-BF4B-00C04F79EFBC}") = "ZXSystem.Function.ProductProcess", "ZXSystem.Function\ZXSystem.Function.ProductProcess\ZXSystem.Function.ProductProcess.csproj", "{B25CF090-4358-40C6-954F-926D9B3F2F57}"
EndProject
Project("{FAE04EC0-301F-11D3-BF4B-00C04F79EFBC}") = "ZXSystem.Function.UpLoad", "ZXSystem.Function\ZXSystem.Function.UpLoad\ZXSystem.Function.UpLoad.csproj", "{32AD9D69-1102-4A0A-9756-6A582F0B3274}"
EndProject
Project("{FAE04EC0-301F-11D3-BF4B-00C04F79EFBC}") = "ZXSystem.Function.BoardMaterialPrice", "ZXSystem.Function\ZXSystem.Function.BoardMaterialPrice\ZXSystem.Function.BoardMaterialPrice.csproj", "{998318D1-09EC-4D66-AD74-88BC7499B1E9}"
EndProject
Project("{FAE04EC0-301F-11D3-BF4B-00C04F79EFBC}") = "ZXSystem.Function.UserAuthority", "ZXSystem.Function\ZXSystem.Function.USERAUTHORITY\ZXSystem.Function.UserAuthority.csproj", "{444F1284-BF02-495E-8655-C228EC7DD2B5}"
EndProject
Project("{FAE04EC0-301F-11D3-BF4B-00C04F79EFBC}") = "ZXSystem.Function.Client", "ZXSystem.Function\ZXSystem.Function.Client\ZXSystem.Function.Client.csproj", "{CF68D7B5-4C8D-435E-BA69-9D9744C5DC51}"
EndProject
Global
	GlobalSection(SolutionConfigurationPlatforms) = preSolution
		Debug|Any CPU = Debug|Any CPU
		Release|Any CPU = Release|Any CPU
	EndGlobalSection
	GlobalSection(ProjectConfigurationPlatforms) = postSolution
		{9391C23C-BDE4-4774-A655-C3063370CE1C}.Debug|Any CPU.ActiveCfg = Debug|Any CPU
		{9391C23C-BDE4-4774-A655-C3063370CE1C}.Debug|Any CPU.Build.0 = Debug|Any CPU
		{9391C23C-BDE4-4774-A655-C3063370CE1C}.Release|Any CPU.ActiveCfg = Release|Any CPU
		{9391C23C-BDE4-4774-A655-C3063370CE1C}.Release|Any CPU.Build.0 = Release|Any CPU
		{60E28732-5066-4EED-9F00-DE48F1EBE2BD}.Debug|Any CPU.ActiveCfg = Debug|Any CPU
		{60E28732-5066-4EED-9F00-DE48F1EBE2BD}.Debug|Any CPU.Build.0 = Debug|Any CPU
		{60E28732-5066-4EED-9F00-DE48F1EBE2BD}.Release|Any CPU.ActiveCfg = Release|Any CPU
		{60E28732-5066-4EED-9F00-DE48F1EBE2BD}.Release|Any CPU.Build.0 = Release|Any CPU
		{3809166E-EE08-4A96-B2A7-AB02C4601C1C}.Debug|Any CPU.ActiveCfg = Debug|Any CPU
		{3809166E-EE08-4A96-B2A7-AB02C4601C1C}.Debug|Any CPU.Build.0 = Debug|Any CPU
		{3809166E-EE08-4A96-B2A7-AB02C4601C1C}.Release|Any CPU.ActiveCfg = Release|Any CPU
		{3809166E-EE08-4A96-B2A7-AB02C4601C1C}.Release|Any CPU.Build.0 = Release|Any CPU
		{B7820517-8E9A-4427-A081-E763B50FBBCE}.Debug|Any CPU.ActiveCfg = Debug|Any CPU
		{B7820517-8E9A-4427-A081-E763B50FBBCE}.Debug|Any CPU.Build.0 = Debug|Any CPU
		{B7820517-8E9A-4427-A081-E763B50FBBCE}.Release|Any CPU.ActiveCfg = Release|Any CPU
		{B7820517-8E9A-4427-A081-E763B50FBBCE}.Release|Any CPU.Build.0 = Release|Any CPU
		{B4158047-CB39-488D-9F81-A3C918280D74}.Debug|Any CPU.ActiveCfg = Debug|Any CPU
		{B4158047-CB39-488D-9F81-A3C918280D74}.Debug|Any CPU.Build.0 = Debug|Any CPU
		{B4158047-CB39-488D-9F81-A3C918280D74}.Release|Any CPU.ActiveCfg = Release|Any CPU
		{B4158047-CB39-488D-9F81-A3C918280D74}.Release|Any CPU.Build.0 = Release|Any CPU
		{B008CAA3-9C6A-4ABE-88D0-1BF2778E5013}.Debug|Any CPU.ActiveCfg = Debug|Any CPU
		{B008CAA3-9C6A-4ABE-88D0-1BF2778E5013}.Debug|Any CPU.Build.0 = Debug|Any CPU
		{B008CAA3-9C6A-4ABE-88D0-1BF2778E5013}.Release|Any CPU.ActiveCfg = Release|Any CPU
		{B008CAA3-9C6A-4ABE-88D0-1BF2778E5013}.Release|Any CPU.Build.0 = Release|Any CPU
		{DA597CC8-EEBC-4FAC-968D-4CE77ACE0DE8}.Debug|Any CPU.ActiveCfg = Debug|Any CPU
		{DA597CC8-EEBC-4FAC-968D-4CE77ACE0DE8}.Debug|Any CPU.Build.0 = Debug|Any CPU
		{DA597CC8-EEBC-4FAC-968D-4CE77ACE0DE8}.Release|Any CPU.ActiveCfg = Release|Any CPU
		{DA597CC8-EEBC-4FAC-968D-4CE77ACE0DE8}.Release|Any CPU.Build.0 = Release|Any CPU
		{CB258C48-C19C-4D63-9E77-51979B1F67A3}.Debug|Any CPU.ActiveCfg = Debug|Any CPU
		{CB258C48-C19C-4D63-9E77-51979B1F67A3}.Debug|Any CPU.Build.0 = Debug|Any CPU
		{CB258C48-C19C-4D63-9E77-51979B1F67A3}.Release|Any CPU.ActiveCfg = Release|Any CPU
		{CB258C48-C19C-4D63-9E77-51979B1F67A3}.Release|Any CPU.Build.0 = Release|Any CPU
		{E669F23D-8C94-4F25-9579-38B78C8B8812}.Debug|Any CPU.ActiveCfg = Debug|Any CPU
		{E669F23D-8C94-4F25-9579-38B78C8B8812}.Debug|Any CPU.Build.0 = Debug|Any CPU
		{E669F23D-8C94-4F25-9579-38B78C8B8812}.Release|Any CPU.ActiveCfg = Release|Any CPU
		{E669F23D-8C94-4F25-9579-38B78C8B8812}.Release|Any CPU.Build.0 = Release|Any CPU
		{14CD65BF-FD35-4876-84A3-34768BF93350}.Debug|Any CPU.ActiveCfg = Debug|Any CPU
		{14CD65BF-FD35-4876-84A3-34768BF93350}.Debug|Any CPU.Build.0 = Debug|Any CPU
		{14CD65BF-FD35-4876-84A3-34768BF93350}.Release|Any CPU.ActiveCfg = Release|Any CPU
		{14CD65BF-FD35-4876-84A3-34768BF93350}.Release|Any CPU.Build.0 = Release|Any CPU
		{FE4D69E3-4A3A-4708-BB2C-153EC35F642E}.Debug|Any CPU.ActiveCfg = Debug|Any CPU
		{FE4D69E3-4A3A-4708-BB2C-153EC35F642E}.Debug|Any CPU.Build.0 = Debug|Any CPU
		{FE4D69E3-4A3A-4708-BB2C-153EC35F642E}.Release|Any CPU.ActiveCfg = Release|Any CPU
		{FE4D69E3-4A3A-4708-BB2C-153EC35F642E}.Release|Any CPU.Build.0 = Release|Any CPU
		{17D8EF80-F0C6-491B-A6A1-20642610E254}.Debug|Any CPU.ActiveCfg = Debug|Any CPU
		{17D8EF80-F0C6-491B-A6A1-20642610E254}.Debug|Any CPU.Build.0 = Debug|Any CPU
		{17D8EF80-F0C6-491B-A6A1-20642610E254}.Release|Any CPU.ActiveCfg = Release|Any CPU
		{17D8EF80-F0C6-491B-A6A1-20642610E254}.Release|Any CPU.Build.0 = Release|Any CPU
		{0988260C-7F7F-45E1-B964-D4F705167F7D}.Debug|Any CPU.ActiveCfg = Debug|Any CPU
		{0988260C-7F7F-45E1-B964-D4F705167F7D}.Debug|Any CPU.Build.0 = Debug|Any CPU
		{0988260C-7F7F-45E1-B964-D4F705167F7D}.Release|Any CPU.ActiveCfg = Release|Any CPU
		{0988260C-7F7F-45E1-B964-D4F705167F7D}.Release|Any CPU.Build.0 = Release|Any CPU
		{72217101-5771-4E79-9B6C-5149655D0180}.Debug|Any CPU.ActiveCfg = Debug|Any CPU
		{72217101-5771-4E79-9B6C-5149655D0180}.Debug|Any CPU.Build.0 = Debug|Any CPU
		{72217101-5771-4E79-9B6C-5149655D0180}.Release|Any CPU.ActiveCfg = Release|Any CPU
		{72217101-5771-4E79-9B6C-5149655D0180}.Release|Any CPU.Build.0 = Release|Any CPU
		{890CFCC4-F2C7-4982-8845-158DE63CBF33}.Debug|Any CPU.ActiveCfg = Debug|Any CPU
		{890CFCC4-F2C7-4982-8845-158DE63CBF33}.Debug|Any CPU.Build.0 = Debug|Any CPU
		{890CFCC4-F2C7-4982-8845-158DE63CBF33}.Release|Any CPU.ActiveCfg = Release|Any CPU
		{890CFCC4-F2C7-4982-8845-158DE63CBF33}.Release|Any CPU.Build.0 = Release|Any CPU
		{0E513B6F-76B8-44B8-B3DC-ECFBFD4EB47A}.Debug|Any CPU.ActiveCfg = Debug|Any CPU
		{0E513B6F-76B8-44B8-B3DC-ECFBFD4EB47A}.Debug|Any CPU.Build.0 = Debug|Any CPU
		{0E513B6F-76B8-44B8-B3DC-ECFBFD4EB47A}.Release|Any CPU.ActiveCfg = Release|Any CPU
		{0E513B6F-76B8-44B8-B3DC-ECFBFD4EB47A}.Release|Any CPU.Build.0 = Release|Any CPU
		{08AFBDA4-F81E-4F93-ADAC-2852B6C8AE34}.Debug|Any CPU.ActiveCfg = Debug|Any CPU
		{08AFBDA4-F81E-4F93-ADAC-2852B6C8AE34}.Debug|Any CPU.Build.0 = Debug|Any CPU
		{08AFBDA4-F81E-4F93-ADAC-2852B6C8AE34}.Release|Any CPU.ActiveCfg = Release|Any CPU
		{08AFBDA4-F81E-4F93-ADAC-2852B6C8AE34}.Release|Any CPU.Build.0 = Release|Any CPU
		{B1441985-3120-44AF-BE48-B510B80A84E1}.Debug|Any CPU.ActiveCfg = Debug|Any CPU
		{B1441985-3120-44AF-BE48-B510B80A84E1}.Debug|Any CPU.Build.0 = Debug|Any CPU
		{B1441985-3120-44AF-BE48-B510B80A84E1}.Release|Any CPU.ActiveCfg = Release|Any CPU
		{B1441985-3120-44AF-BE48-B510B80A84E1}.Release|Any CPU.Build.0 = Release|Any CPU
		{EB0CDF99-1F63-4842-BB71-D8A7B01D6D61}.Debug|Any CPU.ActiveCfg = Debug|Any CPU
		{EB0CDF99-1F63-4842-BB71-D8A7B01D6D61}.Debug|Any CPU.Build.0 = Debug|Any CPU
		{EB0CDF99-1F63-4842-BB71-D8A7B01D6D61}.Release|Any CPU.ActiveCfg = Release|Any CPU
		{EB0CDF99-1F63-4842-BB71-D8A7B01D6D61}.Release|Any CPU.Build.0 = Release|Any CPU
		{46A6216B-FFD5-4EBC-9567-6F4FF7D16921}.Debug|Any CPU.ActiveCfg = Debug|Any CPU
		{46A6216B-FFD5-4EBC-9567-6F4FF7D16921}.Debug|Any CPU.Build.0 = Debug|Any CPU
		{46A6216B-FFD5-4EBC-9567-6F4FF7D16921}.Release|Any CPU.ActiveCfg = Release|Any CPU
		{46A6216B-FFD5-4EBC-9567-6F4FF7D16921}.Release|Any CPU.Build.0 = Release|Any CPU
		{5026CE5E-69F2-452A-93A0-B42DC4D91266}.Debug|Any CPU.ActiveCfg = Debug|Any CPU
		{5026CE5E-69F2-452A-93A0-B42DC4D91266}.Debug|Any CPU.Build.0 = Debug|Any CPU
		{5026CE5E-69F2-452A-93A0-B42DC4D91266}.Release|Any CPU.ActiveCfg = Release|Any CPU
		{5026CE5E-69F2-452A-93A0-B42DC4D91266}.Release|Any CPU.Build.0 = Release|Any CPU
		{E3F5127D-B323-4F68-93F6-24136DD0A238}.Debug|Any CPU.ActiveCfg = Debug|Any CPU
		{E3F5127D-B323-4F68-93F6-24136DD0A238}.Debug|Any CPU.Build.0 = Debug|Any CPU
		{E3F5127D-B323-4F68-93F6-24136DD0A238}.Release|Any CPU.ActiveCfg = Release|Any CPU
		{E3F5127D-B323-4F68-93F6-24136DD0A238}.Release|Any CPU.Build.0 = Release|Any CPU
		{0EAFF4B6-502B-4E2C-AA3D-10259B61641E}.Debug|Any CPU.ActiveCfg = Debug|Any CPU
		{0EAFF4B6-502B-4E2C-AA3D-10259B61641E}.Debug|Any CPU.Build.0 = Debug|Any CPU
		{0EAFF4B6-502B-4E2C-AA3D-10259B61641E}.Release|Any CPU.ActiveCfg = Release|Any CPU
		{0EAFF4B6-502B-4E2C-AA3D-10259B61641E}.Release|Any CPU.Build.0 = Release|Any CPU
		{2C0DA3E9-2783-44DB-A33E-53AFAAC8869F}.Debug|Any CPU.ActiveCfg = Debug|Any CPU
		{2C0DA3E9-2783-44DB-A33E-53AFAAC8869F}.Debug|Any CPU.Build.0 = Debug|Any CPU
		{2C0DA3E9-2783-44DB-A33E-53AFAAC8869F}.Release|Any CPU.ActiveCfg = Release|Any CPU
		{2C0DA3E9-2783-44DB-A33E-53AFAAC8869F}.Release|Any CPU.Build.0 = Release|Any CPU
		{1801C0F7-89B5-4E39-82FC-2A04C0DD9D1E}.Debug|Any CPU.ActiveCfg = Debug|Any CPU
		{1801C0F7-89B5-4E39-82FC-2A04C0DD9D1E}.Debug|Any CPU.Build.0 = Debug|Any CPU
		{1801C0F7-89B5-4E39-82FC-2A04C0DD9D1E}.Release|Any CPU.ActiveCfg = Release|Any CPU
		{1801C0F7-89B5-4E39-82FC-2A04C0DD9D1E}.Release|Any CPU.Build.0 = Release|Any CPU
		{DD9FFEB4-7489-4AD1-AB95-D9575FE3D4F8}.Debug|Any CPU.ActiveCfg = Debug|Any CPU
		{DD9FFEB4-7489-4AD1-AB95-D9575FE3D4F8}.Debug|Any CPU.Build.0 = Debug|Any CPU
		{DD9FFEB4-7489-4AD1-AB95-D9575FE3D4F8}.Release|Any CPU.ActiveCfg = Release|Any CPU
		{DD9FFEB4-7489-4AD1-AB95-D9575FE3D4F8}.Release|Any CPU.Build.0 = Release|Any CPU
		{B25CF090-4358-40C6-954F-926D9B3F2F57}.Debug|Any CPU.ActiveCfg = Debug|Any CPU
		{B25CF090-4358-40C6-954F-926D9B3F2F57}.Debug|Any CPU.Build.0 = Debug|Any CPU
		{B25CF090-4358-40C6-954F-926D9B3F2F57}.Release|Any CPU.ActiveCfg = Release|Any CPU
		{B25CF090-4358-40C6-954F-926D9B3F2F57}.Release|Any CPU.Build.0 = Release|Any CPU
		{32AD9D69-1102-4A0A-9756-6A582F0B3274}.Debug|Any CPU.ActiveCfg = Debug|Any CPU
		{32AD9D69-1102-4A0A-9756-6A582F0B3274}.Debug|Any CPU.Build.0 = Debug|Any CPU
		{32AD9D69-1102-4A0A-9756-6A582F0B3274}.Release|Any CPU.ActiveCfg = Release|Any CPU
		{32AD9D69-1102-4A0A-9756-6A582F0B3274}.Release|Any CPU.Build.0 = Release|Any CPU
		{998318D1-09EC-4D66-AD74-88BC7499B1E9}.Debug|Any CPU.ActiveCfg = Debug|Any CPU
		{998318D1-09EC-4D66-AD74-88BC7499B1E9}.Debug|Any CPU.Build.0 = Debug|Any CPU
		{998318D1-09EC-4D66-AD74-88BC7499B1E9}.Release|Any CPU.ActiveCfg = Release|Any CPU
		{998318D1-09EC-4D66-AD74-88BC7499B1E9}.Release|Any CPU.Build.0 = Release|Any CPU
		{444F1284-BF02-495E-8655-C228EC7DD2B5}.Debug|Any CPU.ActiveCfg = Debug|Any CPU
		{444F1284-BF02-495E-8655-C228EC7DD2B5}.Debug|Any CPU.Build.0 = Debug|Any CPU
		{444F1284-BF02-495E-8655-C228EC7DD2B5}.Release|Any CPU.ActiveCfg = Release|Any CPU
		{444F1284-BF02-495E-8655-C228EC7DD2B5}.Release|Any CPU.Build.0 = Release|Any CPU
		{CF68D7B5-4C8D-435E-BA69-9D9744C5DC51}.Debug|Any CPU.ActiveCfg = Debug|Any CPU
		{CF68D7B5-4C8D-435E-BA69-9D9744C5DC51}.Debug|Any CPU.Build.0 = Debug|Any CPU
		{CF68D7B5-4C8D-435E-BA69-9D9744C5DC51}.Release|Any CPU.ActiveCfg = Release|Any CPU
		{CF68D7B5-4C8D-435E-BA69-9D9744C5DC51}.Release|Any CPU.Build.0 = Release|Any CPU
	EndGlobalSection
	GlobalSection(SolutionProperties) = preSolution
		HideSolutionNode = FALSE
	EndGlobalSection
	GlobalSection(NestedProjects) = preSolution
		{9391C23C-BDE4-4774-A655-C3063370CE1C} = {7B08F84A-33F9-4B6B-9D22-8ED7BE23BF49}
		{60E28732-5066-4EED-9F00-DE48F1EBE2BD} = {7B08F84A-33F9-4B6B-9D22-8ED7BE23BF49}
		{3809166E-EE08-4A96-B2A7-AB02C4601C1C} = {7B08F84A-33F9-4B6B-9D22-8ED7BE23BF49}
		{B7820517-8E9A-4427-A081-E763B50FBBCE} = {7B08F84A-33F9-4B6B-9D22-8ED7BE23BF49}
		{B4158047-CB39-488D-9F81-A3C918280D74} = {7B08F84A-33F9-4B6B-9D22-8ED7BE23BF49}
		{DA597CC8-EEBC-4FAC-968D-4CE77ACE0DE8} = {7B08F84A-33F9-4B6B-9D22-8ED7BE23BF49}
		{CB258C48-C19C-4D63-9E77-51979B1F67A3} = {7B08F84A-33F9-4B6B-9D22-8ED7BE23BF49}
		{E669F23D-8C94-4F25-9579-38B78C8B8812} = {7B08F84A-33F9-4B6B-9D22-8ED7BE23BF49}
		{14CD65BF-FD35-4876-84A3-34768BF93350} = {7B08F84A-33F9-4B6B-9D22-8ED7BE23BF49}
		{FE4D69E3-4A3A-4708-BB2C-153EC35F642E} = {7B08F84A-33F9-4B6B-9D22-8ED7BE23BF49}
		{17D8EF80-F0C6-491B-A6A1-20642610E254} = {7B08F84A-33F9-4B6B-9D22-8ED7BE23BF49}
		{0988260C-7F7F-45E1-B964-D4F705167F7D} = {7B08F84A-33F9-4B6B-9D22-8ED7BE23BF49}
		{72217101-5771-4E79-9B6C-5149655D0180} = {7B08F84A-33F9-4B6B-9D22-8ED7BE23BF49}
		{890CFCC4-F2C7-4982-8845-158DE63CBF33} = {7B08F84A-33F9-4B6B-9D22-8ED7BE23BF49}
		{0E513B6F-76B8-44B8-B3DC-ECFBFD4EB47A} = {7B08F84A-33F9-4B6B-9D22-8ED7BE23BF49}
		{08AFBDA4-F81E-4F93-ADAC-2852B6C8AE34} = {7B08F84A-33F9-4B6B-9D22-8ED7BE23BF49}
		{B1441985-3120-44AF-BE48-B510B80A84E1} = {7B08F84A-33F9-4B6B-9D22-8ED7BE23BF49}
		{EB0CDF99-1F63-4842-BB71-D8A7B01D6D61} = {7B08F84A-33F9-4B6B-9D22-8ED7BE23BF49}
		{46A6216B-FFD5-4EBC-9567-6F4FF7D16921} = {7B08F84A-33F9-4B6B-9D22-8ED7BE23BF49}
		{5026CE5E-69F2-452A-93A0-B42DC4D91266} = {7B08F84A-33F9-4B6B-9D22-8ED7BE23BF49}
		{E3F5127D-B323-4F68-93F6-24136DD0A238} = {7B08F84A-33F9-4B6B-9D22-8ED7BE23BF49}
		{0EAFF4B6-502B-4E2C-AA3D-10259B61641E} = {7B08F84A-33F9-4B6B-9D22-8ED7BE23BF49}
		{2C0DA3E9-2783-44DB-A33E-53AFAAC8869F} = {7B08F84A-33F9-4B6B-9D22-8ED7BE23BF49}
		{1801C0F7-89B5-4E39-82FC-2A04C0DD9D1E} = {7B08F84A-33F9-4B6B-9D22-8ED7BE23BF49}
		{DD9FFEB4-7489-4AD1-AB95-D9575FE3D4F8} = {7B08F84A-33F9-4B6B-9D22-8ED7BE23BF49}
		{B25CF090-4358-40C6-954F-926D9B3F2F57} = {7B08F84A-33F9-4B6B-9D22-8ED7BE23BF49}
		{32AD9D69-1102-4A0A-9756-6A582F0B3274} = {7B08F84A-33F9-4B6B-9D22-8ED7BE23BF49}
		{998318D1-09EC-4D66-AD74-88BC7499B1E9} = {7B08F84A-33F9-4B6B-9D22-8ED7BE23BF49}
		{444F1284-BF02-495E-8655-C228EC7DD2B5} = {7B08F84A-33F9-4B6B-9D22-8ED7BE23BF49}
		{CF68D7B5-4C8D-435E-BA69-9D9744C5DC51} = {7B08F84A-33F9-4B6B-9D22-8ED7BE23BF49}
	EndGlobalSection
EndGlobal
